
Microsoft Visual Studio Solution File, Format Version 12.00
# Visual Studio Version 16
VisualStudioVersion = 16.0.29806.167
MinimumVisualStudioVersion = 10.0.40219.1
Project("{FAE04EC0-301F-11D3-BF4B-00C04F79EFBC}") = "ResearchCodeProfiler", "ResearchCodeProfiler\ResearchCodeProfiler.csproj", "{80CDCC0D-A749-48B7-8227-E442B7FEEF51}"
EndProject
Global
	GlobalSection(SolutionConfigurationPlatforms) = preSolution
		Debug|Any CPU = Debug|Any CPU
		Release|Any CPU = Release|Any CPU
	EndGlobalSection
	GlobalSection(ProjectConfigurationPlatforms) = postSolution
		{80CDCC0D-A749-48B7-8227-E442B7FEEF51}.Debug|Any CPU.ActiveCfg = Debug|Any CPU
		{80CDCC0D-A749-48B7-8227-E442B7FEEF51}.Debug|Any CPU.Build.0 = Debug|Any CPU
		{80CDCC0D-A749-48B7-8227-E442B7FEEF51}.Release|Any CPU.ActiveCfg = Release|Any CPU
		{80CDCC0D-A749-48B7-8227-E442B7FEEF51}.Release|Any CPU.Build.0 = Release|Any CPU
	EndGlobalSection
	GlobalSection(SolutionProperties) = preSolution
		HideSolutionNode = FALSE
	EndGlobalSection
	GlobalSection(ExtensibilityGlobals) = postSolution
		SolutionGuid = {B53AD385-8DC2-4FC8-BE1A-B991B0F04AC7}
	EndGlobalSection
EndGlobal
